
Microsoft Visual Studio Solution File, Format Version 12.00
# Visual Studio 2013
VisualStudioVersion = 12.0.40629.0
MinimumVisualStudioVersion = 10.0.40219.1
Project("{FAE04EC0-301F-11D3-BF4B-00C04F79EFBC}") = "CallingOriginal", "CallingOriginal\CallingOriginal.csproj", "{B777B28A-C1E6-411F-93BF-BA065E39A4B1}"
EndProject
Project("{FAE04EC0-301F-11D3-BF4B-00C04F79EFBC}") = "CallingOriginalTest", "CallingOriginalTest\CallingOriginalTest.csproj", "{2355F1AD-5825-4341-A23B-A74586574E26}"
EndProject
Project("{2150E333-8FDC-42A3-9474-1A3956D46DE8}") = ".nuget", ".nuget", "{CF5244C5-834D-48BC-B51E-5E4E0CDF1643}"
	ProjectSection(SolutionItems) = preProject
		.nuget\packages.config = .nuget\packages.config
	EndProjectSection
EndProject
Global
	GlobalSection(SolutionConfigurationPlatforms) = preSolution
		Debug|Any CPU = Debug|Any CPU
		Release|Any CPU = Release|Any CPU
	EndGlobalSection
	GlobalSection(ProjectConfigurationPlatforms) = postSolution
		{B777B28A-C1E6-411F-93BF-BA065E39A4B1}.Debug|Any CPU.ActiveCfg = Debug|Any CPU
		{B777B28A-C1E6-411F-93BF-BA065E39A4B1}.Debug|Any CPU.Build.0 = Debug|Any CPU
		{B777B28A-C1E6-411F-93BF-BA065E39A4B1}.Release|Any CPU.ActiveCfg = Release|Any CPU
		{B777B28A-C1E6-411F-93BF-BA065E39A4B1}.Release|Any CPU.Build.0 = Release|Any CPU
		{2355F1AD-5825-4341-A23B-A74586574E26}.Debug|Any CPU.ActiveCfg = Debug|Any CPU
		{2355F1AD-5825-4341-A23B-A74586574E26}.Debug|Any CPU.Build.0 = Debug|Any CPU
		{2355F1AD-5825-4341-A23B-A74586574E26}.Release|Any CPU.ActiveCfg = Release|Any CPU
		{2355F1AD-5825-4341-A23B-A74586574E26}.Release|Any CPU.Build.0 = Release|Any CPU
	EndGlobalSection
	GlobalSection(SolutionProperties) = preSolution
		HideSolutionNode = FALSE
	EndGlobalSection
EndGlobal
