
Microsoft Visual Studio Solution File, Format Version 12.00
# Visual Studio 2013
VisualStudioVersion = 12.0.31101.0
MinimumVisualStudioVersion = 10.0.40219.1
Project("{FAE04EC0-301F-11D3-BF4B-00C04F79EFBC}") = "FinalMockingMigration", "FinalMockingMigration\FinalMockingMigration.csproj", "{6BF453D1-6AF3-43C4-90E9-CDA1518C55B6}"
EndProject
Project("{FAE04EC0-301F-11D3-BF4B-00C04F79EFBC}") = "FinalMockingMigrationTest", "FinalMockingMigrationTest\FinalMockingMigrationTest.csproj", "{2702453C-2548-4137-B1D6-ED70D63E1805}"
EndProject
Project("{FAE04EC0-301F-11D3-BF4B-00C04F79EFBC}") = "SealedMockingMigration", "SealedMockingMigration\SealedMockingMigration.csproj", "{48DF4F19-E9B4-480D-A477-BF8E71078057}"
EndProject
Project("{FAE04EC0-301F-11D3-BF4B-00C04F79EFBC}") = "SealedMockingMigrationTest", "SealedMockingMigrationTest\SealedMockingMigrationTest.csproj", "{D6DEA01B-38B4-4BA9-A7C7-AB0F42B530FE}"
EndProject
Project("{FAE04EC0-301F-11D3-BF4B-00C04F79EFBC}") = "StaticMockingMigration", "StaticMockingMigration\StaticMockingMigration.csproj", "{1D36752F-8B2F-4B03-BE97-0DE86AAF0AFA}"
EndProject
Project("{FAE04EC0-301F-11D3-BF4B-00C04F79EFBC}") = "StaticMockingMigrationTest", "StaticMockingMigrationTest\StaticMockingMigrationTest.csproj", "{DE6E364C-7541-4D28-B545-745508EAB8F5}"
EndProject
Global
	GlobalSection(SolutionConfigurationPlatforms) = preSolution
		Debug|Any CPU = Debug|Any CPU
		Release|Any CPU = Release|Any CPU
	EndGlobalSection
	GlobalSection(ProjectConfigurationPlatforms) = postSolution
		{6BF453D1-6AF3-43C4-90E9-CDA1518C55B6}.Debug|Any CPU.ActiveCfg = Debug|Any CPU
		{6BF453D1-6AF3-43C4-90E9-CDA1518C55B6}.Debug|Any CPU.Build.0 = Debug|Any CPU
		{6BF453D1-6AF3-43C4-90E9-CDA1518C55B6}.Release|Any CPU.ActiveCfg = Release|Any CPU
		{6BF453D1-6AF3-43C4-90E9-CDA1518C55B6}.Release|Any CPU.Build.0 = Release|Any CPU
		{2702453C-2548-4137-B1D6-ED70D63E1805}.Debug|Any CPU.ActiveCfg = Debug|Any CPU
		{2702453C-2548-4137-B1D6-ED70D63E1805}.Debug|Any CPU.Build.0 = Debug|Any CPU
		{2702453C-2548-4137-B1D6-ED70D63E1805}.Release|Any CPU.ActiveCfg = Release|Any CPU
		{2702453C-2548-4137-B1D6-ED70D63E1805}.Release|Any CPU.Build.0 = Release|Any CPU
		{48DF4F19-E9B4-480D-A477-BF8E71078057}.Debug|Any CPU.ActiveCfg = Debug|Any CPU
		{48DF4F19-E9B4-480D-A477-BF8E71078057}.Debug|Any CPU.Build.0 = Debug|Any CPU
		{48DF4F19-E9B4-480D-A477-BF8E71078057}.Release|Any CPU.ActiveCfg = Release|Any CPU
		{48DF4F19-E9B4-480D-A477-BF8E71078057}.Release|Any CPU.Build.0 = Release|Any CPU
		{D6DEA01B-38B4-4BA9-A7C7-AB0F42B530FE}.Debug|Any CPU.ActiveCfg = Debug|Any CPU
		{D6DEA01B-38B4-4BA9-A7C7-AB0F42B530FE}.Debug|Any CPU.Build.0 = Debug|Any CPU
		{D6DEA01B-38B4-4BA9-A7C7-AB0F42B530FE}.Release|Any CPU.ActiveCfg = Release|Any CPU
		{D6DEA01B-38B4-4BA9-A7C7-AB0F42B530FE}.Release|Any CPU.Build.0 = Release|Any CPU
		{1D36752F-8B2F-4B03-BE97-0DE86AAF0AFA}.Debug|Any CPU.ActiveCfg = Debug|Any CPU
		{1D36752F-8B2F-4B03-BE97-0DE86AAF0AFA}.Debug|Any CPU.Build.0 = Debug|Any CPU
		{1D36752F-8B2F-4B03-BE97-0DE86AAF0AFA}.Release|Any CPU.ActiveCfg = Release|Any CPU
		{1D36752F-8B2F-4B03-BE97-0DE86AAF0AFA}.Release|Any CPU.Build.0 = Release|Any CPU
		{DE6E364C-7541-4D28-B545-745508EAB8F5}.Debug|Any CPU.ActiveCfg = Debug|Any CPU
		{DE6E364C-7541-4D28-B545-745508EAB8F5}.Debug|Any CPU.Build.0 = Debug|Any CPU
		{DE6E364C-7541-4D28-B545-745508EAB8F5}.Release|Any CPU.ActiveCfg = Release|Any CPU
		{DE6E364C-7541-4D28-B545-745508EAB8F5}.Release|Any CPU.Build.0 = Release|Any CPU
	EndGlobalSection
	GlobalSection(SolutionProperties) = preSolution
		HideSolutionNode = FALSE
	EndGlobalSection
EndGlobal
